// !$*UTF8*$!
{
	archiveVersion = 1;
	classes = {
	};
	objectVersion = 46;
	objects = {

/* Begin PBXBuildFile section */
		BD161AE01F3AF26700092831 /* AppDelegate.swift in Sources */ = {isa = PBXBuildFile; fileRef = BD161ADF1F3AF26700092831 /* AppDelegate.swift */; };
		BD161AE21F3AF26700092831 /* ViewController.swift in Sources */ = {isa = PBXBuildFile; fileRef = BD161AE11F3AF26700092831 /* ViewController.swift */; };
		BD161AE51F3AF26700092831 /* Main.storyboard in Resources */ = {isa = PBXBuildFile; fileRef = BD161AE31F3AF26700092831 /* Main.storyboard */; };
		BD161AE71F3AF26700092831 /* Assets.xcassets in Resources */ = {isa = PBXBuildFile; fileRef = BD161AE61F3AF26700092831 /* Assets.xcassets */; };
		BD161AEA1F3AF26700092831 /* LaunchScreen.storyboard in Resources */ = {isa = PBXBuildFile; fileRef = BD161AE81F3AF26700092831 /* LaunchScreen.storyboard */; };
/* End PBXBuildFile section */

/* Begin PBXFileReference section */
		BD161ADC1F3AF26700092831 /* 视频采集.app */ = {isa = PBXFileReference; explicitFileType = wrapper.application; includeInIndex = 0; path = "视频采集.app"; sourceTree = BUILT_PRODUCTS_DIR; };
		BD161ADF1F3AF26700092831 /* AppDelegate.swift */ = {isa = PBXFileReference; lastKnownFileType = sourcecode.swift; path = AppDelegate.swift; sourceTree = "<group>"; };
		BD161AE11F3AF26700092831 /* ViewController.swift */ = {isa = PBXFileReference; lastKnownFileType = sourcecode.swift; path = ViewController.swift; sourceTree = "<group>"; };
		BD161AE41F3AF26700092831 /* Base */ = {isa = PBXFileReference; lastKnownFileType = file.storyboard; name = Base; path = Base.lproj/Main.storyboard; sourceTree = "<group>"; };
		BD161AE61F3AF26700092831 /* Assets.xcassets */ = {isa = PBXFileReference; lastKnownFileType = folder.assetcatalog; path = Assets.xcassets; sourceTree = "<group>"; };
		BD161AE91F3AF26700092831 /* Base */ = {isa = PBXFileReference; lastKnownFileType = file.storyboard; name = Base; path = Base.lproj/LaunchScreen.storyboard; sourceTree = "<group>"; };
		BD161AEB1F3AF26700092831 /* Info.plist */ = {isa = PBXFileReference; lastKnownFileType = text.plist.xml; path = Info.plist; sourceTree = "<group>"; };
/* End PBXFileReference section */

/* Begin PBXFrameworksBuildPhase section */
		BD161AD91F3AF26700092831 /* Frameworks */ = {
			isa = PBXFrameworksBuildPhase;
			buildActionMask = 2147483647;
			files = (
			);
			runOnlyForDeploymentPostprocessing = 0;
		};
/* End PBXFrameworksBuildPhase section */

/* Begin PBXGroup section */
		BD161AD31F3AF26700092831 = {
			isa = PBXGroup;
			children = (
				BD161ADE1F3AF26700092831 /* 视频采集 */,
				BD161ADD1F3AF26700092831 /* Products */,
			);
			sourceTree = "<group>";
		};
		BD161ADD1F3AF26700092831 /* Products */ = {
			isa = PBXGroup;
			children = (
				BD161ADC1F3AF26700092831 /* 视频采集.app */,
			);
			name = Products;
			sourceTree = "<group>";
		};
		BD161ADE1F3AF26700092831 /* 视频采集 */ = {
			isa = PBXGroup;
			children = (
				BD161ADF1F3AF26700092831 /* AppDelegate.swift */,
				BD161AE11F3AF26700092831 /* ViewController.swift */,
				BD161AE31F3AF26700092831 /* Main.storyboard */,
				BD161AE61F3AF26700092831 /* Assets.xcassets */,
				BD161AE81F3AF26700092831 /* LaunchScreen.storyboard */,
				BD161AEB1F3AF26700092831 /* Info.plist */,
			);
			path = "视频采集";
			sourceTree = "<group>";
		};
/* End PBXGroup section */

/* Begin PBXNativeTarget section */
		BD161ADB1F3AF26700092831 /* 视频采集 */ = {
			isa = PBXNativeTarget;
			buildConfigurationList = BD161AEE1F3AF26700092831 /* Build configuration list for PBXNativeTarget "视频采集" */;
			buildPhases = (
				BD161AD81F3AF26700092831 /* Sources */,
				BD161AD91F3AF26700092831 /* Frameworks */,
				BD161ADA1F3AF26700092831 /* Resources */,
			);
			buildRules = (
			);
			dependencies = (
			);
			name = "视频采集";
			productName = "视频采集";
			productReference = BD161ADC1F3AF26700092831 /* 视频采集.app */;
			productType = "com.apple.product-type.application";
		};
/* End PBXNativeTarget section */

/* Begin PBXProject section */
		BD161AD41F3AF26700092831 /* Project object */ = {
			isa = PBXProject;
			attributes = {
				LastSwiftUpdateCheck = 0830;
				LastUpgradeCheck = 0830;
				ORGANIZATIONNAME = Athena;
				TargetAttributes = {
					BD161ADB1F3AF26700092831 = {
						CreatedOnToolsVersion = 8.3.2;
						DevelopmentTeam = F37FU3X98R;
						ProvisioningStyle = Automatic;
					};
				};
			};
			buildConfigurationList = BD161AD71F3AF26700092831 /* Build configuration list for PBXProject "视频采集" */;
			compatibilityVersion = "Xcode 3.2";
			developmentRegion = English;
			hasScannedForEncodings = 0;
			knownRegions = (
				en,
				Base,
			);
			mainGroup = BD161AD31F3AF26700092831;
			productRefGroup = BD161ADD1F3AF26700092831 /* Products */;
			projectDirPath = "";
			projectRoot = "";
			targets = (
				BD161ADB1F3AF26700092831 /* 视频采集 */,
			);
		};
/* End PBXProject section */

/* Begin PBXResourcesBuildPhase section */
		BD161ADA1F3AF26700092831 /* Resources */ = {
			isa = PBXResourcesBuildPhase;
			buildActionMask = 2147483647;
			files = (
				BD161AEA1F3AF26700092831 /* LaunchScreen.storyboard in Resources */,
				BD161AE71F3AF26700092831 /* Assets.xcassets in Resources */,
				BD161AE51F3AF26700092831 /* Main.storyboard in Resources */,
			);
			runOnlyForDeploymentPostprocessing = 0;
		};
/* End PBXResourcesBuildPhase section */

/* Begin PBXSourcesBuildPhase section */
		BD161AD81F3AF26700092831 /* Sources */ = {
			isa = PBXSourcesBuildPhase;
			buildActionMask = 2147483647;
			files = (
				BD161AE21F3AF26700092831 /* ViewController.swift in Sources */,
				BD161AE01F3AF26700092831 /* AppDelegate.swift in Sources */,
			);
			runOnlyForDeploymentPostprocessing = 0;
		};
/* End PBXSourcesBuildPhase section */

/* Begin PBXVariantGroup section */
		BD161AE31F3AF26700092831 /* Main.storyboard */ = {
			isa = PBXVariantGroup;
			children = (
				BD161AE41F3AF26700092831 /* Base */,
			);
			name = Main.storyboard;
			sourceTree = "<group>";
		};
		BD161AE81F3AF26700092831 /* LaunchScreen.storyboard */ = {
			isa = PBXVariantGroup;
			children = (
				BD161AE91F3AF26700092831 /* Base */,
			);
			name = LaunchScreen.storyboard;
			sourceTree = "<group>";
		};
/* End PBXVariantGroup section */

/* Begin XCBuildConfiguration section */
		BD161AEC1F3AF26700092831 /* Debug */ = {
			isa = XCBuildConfiguration;
			buildSettings = {
				ALWAYS_SEARCH_USER_PATHS = NO;
				CLANG_ANALYZER_NONNULL = YES;
				CLANG_ANALYZER_NUMBER_OBJECT_CONVERSION = YES_AGGRESSIVE;
				CLANG_CXX_LANGUAGE_STANDARD = "gnu++0x";
				CLANG_CXX_LIBRARY = "libc++";
				CLANG_ENABLE_MODULES = YES;
				CLANG_ENABLE_OBJC_ARC = YES;
				CLANG_WARN_BOOL_CONVERSION = YES;
				CLANG_WARN_CONSTANT_CONVERSION = YES;
				CLANG_WARN_DIRECT_OBJC_ISA_USAGE = YES_ERROR;
				CLANG_WARN_DOCUMENTATION_COMMENTS = YES;
				CLANG_WARN_EMPTY_BODY = YES;
				CLANG_WARN_ENUM_CONVERSION = YES;
				CLANG_WARN_INFINITE_RECURSION = YES;
				CLANG_WARN_INT_CONVERSION = YES;
				CLANG_WARN_OBJC_ROOT_CLASS = YES_ERROR;
				CLANG_WARN_SUSPICIOUS_MOVE = YES;
				CLANG_WARN_UNREACHABLE_CODE = YES;
				CLANG_WARN__DUPLICATE_METHOD_MATCH = YES;
				"CODE_SIGN_IDENTITY[sdk=iphoneos*]" = "iPhone Developer";
				COPY_PHASE_STRIP = NO;
				DEBUG_INFORMATION_FORMAT = dwarf;
				ENABLE_STRICT_OBJC_MSGSEND = YES;
				ENABLE_TESTABILITY = YES;
				GCC_C_LANGUAGE_STANDARD = gnu99;
				GCC_DYNAMIC_NO_PIC = NO;
				GCC_NO_COMMON_BLOCKS = YES;
				GCC_OPTIMIZATION_LEVEL = 0;
				GCC_PREPROCESSOR_DEFINITIONS = (
					"DEBUG=1",
					"$(inherited)",
				);
				GCC_WARN_64_TO_32_BIT_CONVERSION = YES;
				GCC_WARN_ABOUT_RETURN_TYPE = YES_ERROR;
				GCC_WARN_UNDECLARED_SELECTOR = YES;
				GCC_WARN_UNINITIALIZED_AUTOS = YES_AGGRESSIVE;
				GCC_WARN_UNUSED_FUNCTION = YES;
				GCC_WARN_UNUSED_VARIABLE = YES;
				IPHONEOS_DEPLOYMENT_TARGET = 10.3;
				MTL_ENABLE_DEBUG_INFO = YES;
				ONLY_ACTIVE_ARCH = YES;
				SDKROOT = iphoneos;
				SWIFT_ACTIVE_COMPILATION_CONDITIONS = DEBUG;
				SWIFT_OPTIMIZATION_LEVEL = "-Onone";
			};
			name = Debug;
		};
		BD161AED1F3AF26700092831 /* Release */ = {
			isa = XCBuildConfiguration;
			buildSettings = {
				ALWAYS_SEARCH_USER_PATHS = NO;
				CLANG_ANALYZER_NONNULL = YES;
				CLANG_ANALYZER_NUMBER_OBJECT_CONVERSION = YES_AGGRESSIVE;
				CLANG_CXX_LANGUAGE_STANDARD = "gnu++0x";
				CLANG_CXX_LIBRARY = "libc++";
				CLANG_ENABLE_MODULES = YES;
				CLANG_ENABLE_OBJC_ARC = YES;
				CLANG_WARN_BOOL_CONVERSION = YES;
				CLANG_WARN_CONSTANT_CONVERSION = YES;
				CLANG_WARN_DIRECT_OBJC_ISA_USAGE = YES_ERROR;
				CLANG_WARN_DOCUMENTATION_COMMENTS = YES;
				CLANG_WARN_EMPTY_BODY = YES;
				CLANG_WARN_ENUM_CONVERSION = YES;
				CLANG_WARN_INFINITE_RECURSION = YES;
				CLANG_WARN_INT_CONVERSION = YES;
				CLANG_WARN_OBJC_ROOT_CLASS = YES_ERROR;
				CLANG_WARN_SUSPICIOUS_MOVE = YES;
				CLANG_WARN_UNREACHABLE_CODE = YES;
				CLANG_WARN__DUPLICATE_METHOD_MATCH = YES;
				"CODE_SIGN_IDENTITY[sdk=iphoneos*]" = "iPhone Developer";
				COPY_PHASE_STRIP = NO;
				DEBUG_INFORMATION_FORMAT = "dwarf-with-dsym";
				ENABLE_NS_ASSERTIONS = NO;
				ENABLE_STRICT_OBJC_MSGSEND = YES;
				GCC_C_LANGUAGE_STANDARD = gnu99;
				GCC_NO_COMMON_BLOCKS = YES;
				GCC_WARN_64_TO_32_BIT_CONVERSION = YES;
				GCC_WARN_ABOUT_RETURN_TYPE = YES_ERROR;
				GCC_WARN_UNDECLARED_SELECTOR = YES;
				GCC_WARN_UNINITIALIZED_AUTOS = YES_AGGRESSIVE;
				GCC_WARN_UNUSED_FUNCTION = YES;
				GCC_WARN_UNUSED_VARIABLE = YES;
				IPHONEOS_DEPLOYMENT_TARGET = 10.3;
				MTL_ENABLE_DEBUG_INFO = NO;
				SDKROOT = iphoneos;
				SWIFT_OPTIMIZATION_LEVEL = "-Owholemodule";
				VALIDATE_PRODUCT = YES;
			};
			name = Release;
		};
		BD161AEF1F3AF26700092831 /* Debug */ = {
			isa = XCBuildConfiguration;
			buildSettings = {
				ASSETCATALOG_COMPILER_APPICON_NAME = AppIcon;
				DEVELOPMENT_TEAM = F37FU3X98R;
				INFOPLIST_FILE = "视频采集/Info.plist";
				IPHONEOS_DEPLOYMENT_TARGET = 8.0;
				LD_RUNPATH_SEARCH_PATHS = "$(inherited) @executable_path/Frameworks";
				PRODUCT_BUNDLE_IDENTIFIER = "com.Athena.----";
				PRODUCT_NAME = "$(TARGET_NAME)";
				SWIFT_VERSION = 3.0;
			};
			name = Debug;
		};
		BD161AF01F3AF26700092831 /* Release */ = {
			isa = XCBuildConfiguration;
			buildSettings = {
				ASSETCATALOG_COMPILER_APPICON_NAME = AppIcon;
				DEVELOPMENT_TEAM = F37FU3X98R;
				INFOPLIST_FILE = "视频采集/Info.plist";
				IPHONEOS_DEPLOYMENT_TARGET = 8.0;
				LD_RUNPATH_SEARCH_PATHS = "$(inherited) @executable_path/Frameworks";
				PRODUCT_BUNDLE_IDENTIFIER = "com.Athena.----";
				PRODUCT_NAME = "$(TARGET_NAME)";
				SWIFT_VERSION = 3.0;
			};
			name = Release;
		};
/* End XCBuildConfiguration section */

/* Begin XCConfigurationList section */
		BD161AD71F3AF26700092831 /* Build configuration list for PBXProject "视频采集" */ = {
			isa = XCConfigurationList;
			buildConfigurations = (
				BD161AEC1F3AF26700092831 /* Debug */,
				BD161AED1F3AF26700092831 /* Release */,
			);
			defaultConfigurationIsVisible = 0;
			defaultConfigurationName = Release;
		};
		BD161AEE1F3AF26700092831 /* Build configuration list for PBXNativeTarget "视频采集" */ = {
			isa = XCConfigurationList;
			buildConfigurations = (
				BD161AEF1F3AF26700092831 /* Debug */,
				BD161AF01F3AF26700092831 /* Release */,
			);
			defaultConfigurationIsVisible = 0;
		};
/* End XCConfigurationList section */
	};
	rootObject = BD161AD41F3AF26700092831 /* Project object */;
}
